
Microsoft Visual Studio Solution File, Format Version 12.00
# Visual Studio Version 17
VisualStudioVersion = 17.0.31903.59
MinimumVisualStudioVersion = 10.0.40219.1
Project("{2150E333-8FDC-42A3-9474-1A3956D46DE8}") = "src", "src", "{827E0CD3-B72D-47B6-A68D-7590B98EB39B}"
EndProject
Project("{FAE04EC0-301F-11D3-BF4B-00C04F79EFBC}") = "Pyrope.GarnetServer", "src\Pyrope.GarnetServer\Pyrope.GarnetServer.csproj", "{EC22B6A5-67A2-41E5-8A3B-E6042AAE5C9C}"
EndProject
Project("{2150E333-8FDC-42A3-9474-1A3956D46DE8}") = "tests", "tests", "{0AB3BF05-4346-4AA6-1389-037BE0695223}"
EndProject
Project("{FAE04EC0-301F-11D3-BF4B-00C04F79EFBC}") = "Pyrope.GarnetServer.Tests", "tests\Pyrope.GarnetServer.Tests\Pyrope.GarnetServer.Tests.csproj", "{6519F8CD-2BDA-4369-9F02-FC8061D64DB5}"
EndProject
Project("{FAE04EC0-301F-11D3-BF4B-00C04F79EFBC}") = "Pyrope.Benchmarks", "src\Pyrope.Benchmarks\Pyrope.Benchmarks.csproj", "{DD9E3751-EDC4-4E99-93E4-DD4971404A47}"
EndProject
Global
	GlobalSection(SolutionConfigurationPlatforms) = preSolution
		Debug|Any CPU = Debug|Any CPU
		Debug|x64 = Debug|x64
		Debug|x86 = Debug|x86
		Release|Any CPU = Release|Any CPU
		Release|x64 = Release|x64
		Release|x86 = Release|x86
	EndGlobalSection
	GlobalSection(ProjectConfigurationPlatforms) = postSolution
		{EC22B6A5-67A2-41E5-8A3B-E6042AAE5C9C}.Debug|Any CPU.ActiveCfg = Debug|Any CPU
		{EC22B6A5-67A2-41E5-8A3B-E6042AAE5C9C}.Debug|Any CPU.Build.0 = Debug|Any CPU
		{EC22B6A5-67A2-41E5-8A3B-E6042AAE5C9C}.Debug|x64.ActiveCfg = Debug|Any CPU
		{EC22B6A5-67A2-41E5-8A3B-E6042AAE5C9C}.Debug|x64.Build.0 = Debug|Any CPU
		{EC22B6A5-67A2-41E5-8A3B-E6042AAE5C9C}.Debug|x86.ActiveCfg = Debug|Any CPU
		{EC22B6A5-67A2-41E5-8A3B-E6042AAE5C9C}.Debug|x86.Build.0 = Debug|Any CPU
		{EC22B6A5-67A2-41E5-8A3B-E6042AAE5C9C}.Release|Any CPU.ActiveCfg = Release|Any CPU
		{EC22B6A5-67A2-41E5-8A3B-E6042AAE5C9C}.Release|Any CPU.Build.0 = Release|Any CPU
		{EC22B6A5-67A2-41E5-8A3B-E6042AAE5C9C}.Release|x64.ActiveCfg = Release|Any CPU
		{EC22B6A5-67A2-41E5-8A3B-E6042AAE5C9C}.Release|x64.Build.0 = Release|Any CPU
		{EC22B6A5-67A2-41E5-8A3B-E6042AAE5C9C}.Release|x86.ActiveCfg = Release|Any CPU
		{EC22B6A5-67A2-41E5-8A3B-E6042AAE5C9C}.Release|x86.Build.0 = Release|Any CPU
		{6519F8CD-2BDA-4369-9F02-FC8061D64DB5}.Debug|Any CPU.ActiveCfg = Debug|Any CPU
		{6519F8CD-2BDA-4369-9F02-FC8061D64DB5}.Debug|Any CPU.Build.0 = Debug|Any CPU
		{6519F8CD-2BDA-4369-9F02-FC8061D64DB5}.Debug|x64.ActiveCfg = Debug|Any CPU
		{6519F8CD-2BDA-4369-9F02-FC8061D64DB5}.Debug|x64.Build.0 = Debug|Any CPU
		{6519F8CD-2BDA-4369-9F02-FC8061D64DB5}.Debug|x86.ActiveCfg = Debug|Any CPU
		{6519F8CD-2BDA-4369-9F02-FC8061D64DB5}.Debug|x86.Build.0 = Debug|Any CPU
		{6519F8CD-2BDA-4369-9F02-FC8061D64DB5}.Release|Any CPU.ActiveCfg = Release|Any CPU
		{6519F8CD-2BDA-4369-9F02-FC8061D64DB5}.Release|Any CPU.Build.0 = Release|Any CPU
		{6519F8CD-2BDA-4369-9F02-FC8061D64DB5}.Release|x64.ActiveCfg = Release|Any CPU
		{6519F8CD-2BDA-4369-9F02-FC8061D64DB5}.Release|x64.Build.0 = Release|Any CPU
		{6519F8CD-2BDA-4369-9F02-FC8061D64DB5}.Release|x86.ActiveCfg = Release|Any CPU
		{6519F8CD-2BDA-4369-9F02-FC8061D64DB5}.Release|x86.Build.0 = Release|Any CPU
		{DD9E3751-EDC4-4E99-93E4-DD4971404A47}.Debug|Any CPU.ActiveCfg = Debug|Any CPU
		{DD9E3751-EDC4-4E99-93E4-DD4971404A47}.Debug|Any CPU.Build.0 = Debug|Any CPU
		{DD9E3751-EDC4-4E99-93E4-DD4971404A47}.Debug|x64.ActiveCfg = Debug|Any CPU
		{DD9E3751-EDC4-4E99-93E4-DD4971404A47}.Debug|x64.Build.0 = Debug|Any CPU
		{DD9E3751-EDC4-4E99-93E4-DD4971404A47}.Debug|x86.ActiveCfg = Debug|Any CPU
		{DD9E3751-EDC4-4E99-93E4-DD4971404A47}.Debug|x86.Build.0 = Debug|Any CPU
		{DD9E3751-EDC4-4E99-93E4-DD4971404A47}.Release|Any CPU.ActiveCfg = Release|Any CPU
		{DD9E3751-EDC4-4E99-93E4-DD4971404A47}.Release|Any CPU.Build.0 = Release|Any CPU
		{DD9E3751-EDC4-4E99-93E4-DD4971404A47}.Release|x64.ActiveCfg = Release|Any CPU
		{DD9E3751-EDC4-4E99-93E4-DD4971404A47}.Release|x64.Build.0 = Release|Any CPU
		{DD9E3751-EDC4-4E99-93E4-DD4971404A47}.Release|x86.ActiveCfg = Release|Any CPU
		{DD9E3751-EDC4-4E99-93E4-DD4971404A47}.Release|x86.Build.0 = Release|Any CPU
	EndGlobalSection
	GlobalSection(SolutionProperties) = preSolution
		HideSolutionNode = FALSE
	EndGlobalSection
	GlobalSection(NestedProjects) = preSolution
		{EC22B6A5-67A2-41E5-8A3B-E6042AAE5C9C} = {827E0CD3-B72D-47B6-A68D-7590B98EB39B}
		{6519F8CD-2BDA-4369-9F02-FC8061D64DB5} = {0AB3BF05-4346-4AA6-1389-037BE0695223}
		{DD9E3751-EDC4-4E99-93E4-DD4971404A47} = {827E0CD3-B72D-47B6-A68D-7590B98EB39B}
	EndGlobalSection
EndGlobal
